
Microsoft Visual Studio Solution File, Format Version 12.00
# Visual Studio 15
VisualStudioVersion = 15.0.26430.14
MinimumVisualStudioVersion = 10.0.40219.1
Project("{2150E333-8FDC-42A3-9474-1A3956D46DE8}") = "Src", "Src", "{4B785E7E-2F35-4198-BD73-D2B861E5518A}"
EndProject
Project("{2150E333-8FDC-42A3-9474-1A3956D46DE8}") = "Presentation", "Presentation", "{833DEA57-A970-418C-831C-2355B8294766}"
EndProject
Project("{2150E333-8FDC-42A3-9474-1A3956D46DE8}") = "Common", "Common", "{C1158497-4B38-48DD-B698-57B7A0D50249}"
EndProject
Project("{9A19103F-16F7-4668-BE54-9A1E7A4F7556}") = "MySkills.Common", "MySkills.Common\MySkills.Common.csproj", "{3C7E8164-A2CE-471A-9C15-E1A74E4BE9D9}"
EndProject
Project("{9A19103F-16F7-4668-BE54-9A1E7A4F7556}") = "MySkills.Front", "MySkills\MySkills\MySkills.Front.csproj", "{0FE0A9BF-90E5-49FF-A9E7-C863F7CCA230}"
EndProject
Project("{9A19103F-16F7-4668-BE54-9A1E7A4F7556}") = "MySkills.API", "MySkills.API\MySkills.API\MySkills.API.csproj", "{D024B6C9-5649-4303-85E0-EE66D59A1897}"
EndProject
Project("{2150E333-8FDC-42A3-9474-1A3956D46DE8}") = "BusinessLayer", "BusinessLayer", "{07927740-7867-4F88-903C-4C4476785BDA}"
EndProject
Project("{9A19103F-16F7-4668-BE54-9A1E7A4F7556}") = "MySkills.Core", "MySkills.Core\MySkills.Core.csproj", "{CFEF9143-C051-4960-8DF0-6E188CCA3851}"
EndProject
Project("{2150E333-8FDC-42A3-9474-1A3956D46DE8}") = "DataLayer", "DataLayer", "{90D8BA57-5DB2-4033-AF43-C1C31BAB5E9A}"
EndProject
Project("{9A19103F-16F7-4668-BE54-9A1E7A4F7556}") = "MySkills.Infrastructure", "MySkills.Infrastructure\MySkills.Infrastructure.csproj", "{D5887183-9EE5-4201-9A7D-1F6C201C2030}"
EndProject
Global
	GlobalSection(SolutionConfigurationPlatforms) = preSolution
		Debug|Any CPU = Debug|Any CPU
		Release|Any CPU = Release|Any CPU
	EndGlobalSection
	GlobalSection(ProjectConfigurationPlatforms) = postSolution
		{3C7E8164-A2CE-471A-9C15-E1A74E4BE9D9}.Debug|Any CPU.ActiveCfg = Debug|Any CPU
		{3C7E8164-A2CE-471A-9C15-E1A74E4BE9D9}.Debug|Any CPU.Build.0 = Debug|Any CPU
		{3C7E8164-A2CE-471A-9C15-E1A74E4BE9D9}.Release|Any CPU.ActiveCfg = Release|Any CPU
		{3C7E8164-A2CE-471A-9C15-E1A74E4BE9D9}.Release|Any CPU.Build.0 = Release|Any CPU
		{0FE0A9BF-90E5-49FF-A9E7-C863F7CCA230}.Debug|Any CPU.ActiveCfg = Debug|Any CPU
		{0FE0A9BF-90E5-49FF-A9E7-C863F7CCA230}.Debug|Any CPU.Build.0 = Debug|Any CPU
		{0FE0A9BF-90E5-49FF-A9E7-C863F7CCA230}.Release|Any CPU.ActiveCfg = Release|Any CPU
		{0FE0A9BF-90E5-49FF-A9E7-C863F7CCA230}.Release|Any CPU.Build.0 = Release|Any CPU
		{D024B6C9-5649-4303-85E0-EE66D59A1897}.Debug|Any CPU.ActiveCfg = Debug|Any CPU
		{D024B6C9-5649-4303-85E0-EE66D59A1897}.Debug|Any CPU.Build.0 = Debug|Any CPU
		{D024B6C9-5649-4303-85E0-EE66D59A1897}.Release|Any CPU.ActiveCfg = Release|Any CPU
		{D024B6C9-5649-4303-85E0-EE66D59A1897}.Release|Any CPU.Build.0 = Release|Any CPU
		{CFEF9143-C051-4960-8DF0-6E188CCA3851}.Debug|Any CPU.ActiveCfg = Debug|Any CPU
		{CFEF9143-C051-4960-8DF0-6E188CCA3851}.Debug|Any CPU.Build.0 = Debug|Any CPU
		{CFEF9143-C051-4960-8DF0-6E188CCA3851}.Release|Any CPU.ActiveCfg = Release|Any CPU
		{CFEF9143-C051-4960-8DF0-6E188CCA3851}.Release|Any CPU.Build.0 = Release|Any CPU
		{D5887183-9EE5-4201-9A7D-1F6C201C2030}.Debug|Any CPU.ActiveCfg = Debug|Any CPU
		{D5887183-9EE5-4201-9A7D-1F6C201C2030}.Debug|Any CPU.Build.0 = Debug|Any CPU
		{D5887183-9EE5-4201-9A7D-1F6C201C2030}.Release|Any CPU.ActiveCfg = Release|Any CPU
		{D5887183-9EE5-4201-9A7D-1F6C201C2030}.Release|Any CPU.Build.0 = Release|Any CPU
	EndGlobalSection
	GlobalSection(SolutionProperties) = preSolution
		HideSolutionNode = FALSE
	EndGlobalSection
	GlobalSection(NestedProjects) = preSolution
		{833DEA57-A970-418C-831C-2355B8294766} = {4B785E7E-2F35-4198-BD73-D2B861E5518A}
		{C1158497-4B38-48DD-B698-57B7A0D50249} = {4B785E7E-2F35-4198-BD73-D2B861E5518A}
		{3C7E8164-A2CE-471A-9C15-E1A74E4BE9D9} = {C1158497-4B38-48DD-B698-57B7A0D50249}
		{0FE0A9BF-90E5-49FF-A9E7-C863F7CCA230} = {833DEA57-A970-418C-831C-2355B8294766}
		{D024B6C9-5649-4303-85E0-EE66D59A1897} = {833DEA57-A970-418C-831C-2355B8294766}
		{07927740-7867-4F88-903C-4C4476785BDA} = {4B785E7E-2F35-4198-BD73-D2B861E5518A}
		{CFEF9143-C051-4960-8DF0-6E188CCA3851} = {07927740-7867-4F88-903C-4C4476785BDA}
		{90D8BA57-5DB2-4033-AF43-C1C31BAB5E9A} = {4B785E7E-2F35-4198-BD73-D2B861E5518A}
		{D5887183-9EE5-4201-9A7D-1F6C201C2030} = {90D8BA57-5DB2-4033-AF43-C1C31BAB5E9A}
	EndGlobalSection
	GlobalSection(ExtensibilityGlobals) = postSolution
		SolutionGuid = {0D5D0CA3-C6B8-436C-82B0-39820C8A13FA}
	EndGlobalSection
EndGlobal
